
Microsoft Visual Studio Solution File, Format Version 12.00
# Visual Studio Version 17
VisualStudioVersion = 17.0.31903.59
MinimumVisualStudioVersion = 10.0.40219.1
Project("{2150E333-8FDC-42A3-9474-1A3956D46DE8}") = "src", "src", "{827E0CD3-B72D-47B6-A68D-7590B98EB39B}"
EndProject
Project("{FAE04EC0-301F-11D3-BF4B-00C04F79EFBC}") = "ForgeHash.Core", "src\ForgeHash.Core\ForgeHash.Core.csproj", "{8DB69E5B-1F73-4637-8D39-337E86287D2D}"
EndProject
Project("{FAE04EC0-301F-11D3-BF4B-00C04F79EFBC}") = "ForgeHash.Cli", "src\ForgeHash.Cli\ForgeHash.Cli.csproj", "{3D572BFB-0E43-4AE7-BCA9-B48BA5294DE0}"
EndProject
Project("{FAE04EC0-301F-11D3-BF4B-00C04F79EFBC}") = "ForgeHash.Benchmarks", "src\ForgeHash.Benchmarks\ForgeHash.Benchmarks.csproj", "{DB23AF99-9777-4501-940C-9FD835A70DF5}"
EndProject
Project("{FAE04EC0-301F-11D3-BF4B-00C04F79EFBC}") = "ForgeHash.Visualizer", "src\ForgeHash.Visualizer\ForgeHash.Visualizer.csproj", "{61689CFA-DA48-42F2-BAB4-6CBDB6183E24}"
EndProject
Project("{2150E333-8FDC-42A3-9474-1A3956D46DE8}") = "tests", "tests", "{0AB3BF05-4346-4AA6-1389-037BE0695223}"
EndProject
Project("{FAE04EC0-301F-11D3-BF4B-00C04F79EFBC}") = "ForgeHash.Tests", "tests\ForgeHash.Tests\ForgeHash.Tests.csproj", "{7E989ADF-8F0C-4A83-A75A-DF812EA317E3}"
EndProject
Project("{2150E333-8FDC-42A3-9474-1A3956D46DE8}") = "tools", "tools", "{07C2787E-EAC7-C090-1BA3-A61EC2A24D84}"
EndProject
Project("{FAE04EC0-301F-11D3-BF4B-00C04F79EFBC}") = "ForgeHash.VectorGen", "tools\ForgeHash.VectorGen\ForgeHash.VectorGen.csproj", "{FB1911B4-1257-4E44-8315-5917FD3CECDE}"
EndProject
Project("{FAE04EC0-301F-11D3-BF4B-00C04F79EFBC}") = "ForgeHash.Analysis", "src\ForgeHash.Analysis\ForgeHash.Analysis.csproj", "{B5695237-50AC-438B-B9B1-2B6254F4D57A}"
EndProject
Project("{FAE04EC0-301F-11D3-BF4B-00C04F79EFBC}") = "ForgeHash.CrossImplementation.Tests", "tests\ForgeHash.CrossImplementation.Tests\ForgeHash.CrossImplementation.Tests.csproj", "{1FC79B4F-9464-4DB2-9522-D2F21B47B7B7}"
EndProject
Project("{2150E333-8FDC-42A3-9474-1A3956D46DE8}") = "samples", "samples", "{5D20AA90-6969-D8BD-9DCD-8634F4692FDA}"
EndProject
Project("{FAE04EC0-301F-11D3-BF4B-00C04F79EFBC}") = "ForgeHash.Sample", "samples\ForgeHash.Sample\ForgeHash.Sample.csproj", "{7412B692-8E7B-4D93-A4AD-B1B0F8D1106E}"
EndProject
Project("{FAE04EC0-301F-11D3-BF4B-00C04F79EFBC}") = "ForgeHash.CollisionLab", "src\ForgeHash.CollisionLab\ForgeHash.CollisionLab.csproj", "{B1DCE622-2C0D-4AFF-88D9-F706B3F027C3}"
EndProject
Project("{FAE04EC0-301F-11D3-BF4B-00C04F79EFBC}") = "ForgeHash.X.Core", "src\ForgeHash.X.Core\ForgeHash.X.Core.csproj", "{A4DE3D67-6070-4CFD-88A3-A8FE45E235C1}"
EndProject
Project("{FAE04EC0-301F-11D3-BF4B-00C04F79EFBC}") = "ForgeHash.X.VectorGen", "tools\ForgeHash.X.VectorGen\ForgeHash.X.VectorGen.csproj", "{522E0CB6-41D7-4E9E-8A62-ADAAC030E393}"
EndProject
Project("{FAE04EC0-301F-11D3-BF4B-00C04F79EFBC}") = "ForgeHash.X.Tests", "tests\ForgeHash.X.Tests\ForgeHash.X.Tests.csproj", "{7891DC3E-DB34-4AF1-A486-88ED6A62A925}"
EndProject
Project("{FAE04EC0-301F-11D3-BF4B-00C04F79EFBC}") = "ForgeHash.X.Sample", "samples\ForgeHash.X.Sample\ForgeHash.X.Sample.csproj", "{4EDFC26F-928A-495C-A164-B1C084508B29}"
EndProject
Project("{FAE04EC0-301F-11D3-BF4B-00C04F79EFBC}") = "ForgeHash.ResearchBench", "tools\ForgeHash.ResearchBench\ForgeHash.ResearchBench.csproj", "{109FBF57-9249-42B0-9D99-8E2FBD197E41}"
EndProject
Global
	GlobalSection(SolutionConfigurationPlatforms) = preSolution
		Debug|Any CPU = Debug|Any CPU
		Debug|x64 = Debug|x64
		Debug|x86 = Debug|x86
		Release|Any CPU = Release|Any CPU
		Release|x64 = Release|x64
		Release|x86 = Release|x86
	EndGlobalSection
	GlobalSection(ProjectConfigurationPlatforms) = postSolution
		{8DB69E5B-1F73-4637-8D39-337E86287D2D}.Debug|Any CPU.ActiveCfg = Debug|Any CPU
		{8DB69E5B-1F73-4637-8D39-337E86287D2D}.Debug|Any CPU.Build.0 = Debug|Any CPU
		{8DB69E5B-1F73-4637-8D39-337E86287D2D}.Debug|x64.ActiveCfg = Debug|Any CPU
		{8DB69E5B-1F73-4637-8D39-337E86287D2D}.Debug|x64.Build.0 = Debug|Any CPU
		{8DB69E5B-1F73-4637-8D39-337E86287D2D}.Debug|x86.ActiveCfg = Debug|Any CPU
		{8DB69E5B-1F73-4637-8D39-337E86287D2D}.Debug|x86.Build.0 = Debug|Any CPU
		{8DB69E5B-1F73-4637-8D39-337E86287D2D}.Release|Any CPU.ActiveCfg = Release|Any CPU
		{8DB69E5B-1F73-4637-8D39-337E86287D2D}.Release|Any CPU.Build.0 = Release|Any CPU
		{8DB69E5B-1F73-4637-8D39-337E86287D2D}.Release|x64.ActiveCfg = Release|Any CPU
		{8DB69E5B-1F73-4637-8D39-337E86287D2D}.Release|x64.Build.0 = Release|Any CPU
		{8DB69E5B-1F73-4637-8D39-337E86287D2D}.Release|x86.ActiveCfg = Release|Any CPU
		{8DB69E5B-1F73-4637-8D39-337E86287D2D}.Release|x86.Build.0 = Release|Any CPU
		{3D572BFB-0E43-4AE7-BCA9-B48BA5294DE0}.Debug|Any CPU.ActiveCfg = Debug|Any CPU
		{3D572BFB-0E43-4AE7-BCA9-B48BA5294DE0}.Debug|Any CPU.Build.0 = Debug|Any CPU
		{3D572BFB-0E43-4AE7-BCA9-B48BA5294DE0}.Debug|x64.ActiveCfg = Debug|Any CPU
		{3D572BFB-0E43-4AE7-BCA9-B48BA5294DE0}.Debug|x64.Build.0 = Debug|Any CPU
		{3D572BFB-0E43-4AE7-BCA9-B48BA5294DE0}.Debug|x86.ActiveCfg = Debug|Any CPU
		{3D572BFB-0E43-4AE7-BCA9-B48BA5294DE0}.Debug|x86.Build.0 = Debug|Any CPU
		{3D572BFB-0E43-4AE7-BCA9-B48BA5294DE0}.Release|Any CPU.ActiveCfg = Release|Any CPU
		{3D572BFB-0E43-4AE7-BCA9-B48BA5294DE0}.Release|Any CPU.Build.0 = Release|Any CPU
		{3D572BFB-0E43-4AE7-BCA9-B48BA5294DE0}.Release|x64.ActiveCfg = Release|Any CPU
		{3D572BFB-0E43-4AE7-BCA9-B48BA5294DE0}.Release|x64.Build.0 = Release|Any CPU
		{3D572BFB-0E43-4AE7-BCA9-B48BA5294DE0}.Release|x86.ActiveCfg = Release|Any CPU
		{3D572BFB-0E43-4AE7-BCA9-B48BA5294DE0}.Release|x86.Build.0 = Release|Any CPU
		{DB23AF99-9777-4501-940C-9FD835A70DF5}.Debug|Any CPU.ActiveCfg = Debug|Any CPU
		{DB23AF99-9777-4501-940C-9FD835A70DF5}.Debug|Any CPU.Build.0 = Debug|Any CPU
		{DB23AF99-9777-4501-940C-9FD835A70DF5}.Debug|x64.ActiveCfg = Debug|Any CPU
		{DB23AF99-9777-4501-940C-9FD835A70DF5}.Debug|x64.Build.0 = Debug|Any CPU
		{DB23AF99-9777-4501-940C-9FD835A70DF5}.Debug|x86.ActiveCfg = Debug|Any CPU
		{DB23AF99-9777-4501-940C-9FD835A70DF5}.Debug|x86.Build.0 = Debug|Any CPU
		{DB23AF99-9777-4501-940C-9FD835A70DF5}.Release|Any CPU.ActiveCfg = Release|Any CPU
		{DB23AF99-9777-4501-940C-9FD835A70DF5}.Release|Any CPU.Build.0 = Release|Any CPU
		{DB23AF99-9777-4501-940C-9FD835A70DF5}.Release|x64.ActiveCfg = Release|Any CPU
		{DB23AF99-9777-4501-940C-9FD835A70DF5}.Release|x64.Build.0 = Release|Any CPU
		{DB23AF99-9777-4501-940C-9FD835A70DF5}.Release|x86.ActiveCfg = Release|Any CPU
		{DB23AF99-9777-4501-940C-9FD835A70DF5}.Release|x86.Build.0 = Release|Any CPU
		{61689CFA-DA48-42F2-BAB4-6CBDB6183E24}.Debug|Any CPU.ActiveCfg = Debug|Any CPU
		{61689CFA-DA48-42F2-BAB4-6CBDB6183E24}.Debug|Any CPU.Build.0 = Debug|Any CPU
		{61689CFA-DA48-42F2-BAB4-6CBDB6183E24}.Debug|x64.ActiveCfg = Debug|Any CPU
		{61689CFA-DA48-42F2-BAB4-6CBDB6183E24}.Debug|x64.Build.0 = Debug|Any CPU
		{61689CFA-DA48-42F2-BAB4-6CBDB6183E24}.Debug|x86.ActiveCfg = Debug|Any CPU
		{61689CFA-DA48-42F2-BAB4-6CBDB6183E24}.Debug|x86.Build.0 = Debug|Any CPU
		{61689CFA-DA48-42F2-BAB4-6CBDB6183E24}.Release|Any CPU.ActiveCfg = Release|Any CPU
		{61689CFA-DA48-42F2-BAB4-6CBDB6183E24}.Release|Any CPU.Build.0 = Release|Any CPU
		{61689CFA-DA48-42F2-BAB4-6CBDB6183E24}.Release|x64.ActiveCfg = Release|Any CPU
		{61689CFA-DA48-42F2-BAB4-6CBDB6183E24}.Release|x64.Build.0 = Release|Any CPU
		{61689CFA-DA48-42F2-BAB4-6CBDB6183E24}.Release|x86.ActiveCfg = Release|Any CPU
		{61689CFA-DA48-42F2-BAB4-6CBDB6183E24}.Release|x86.Build.0 = Release|Any CPU
		{7E989ADF-8F0C-4A83-A75A-DF812EA317E3}.Debug|Any CPU.ActiveCfg = Debug|Any CPU
		{7E989ADF-8F0C-4A83-A75A-DF812EA317E3}.Debug|Any CPU.Build.0 = Debug|Any CPU
		{7E989ADF-8F0C-4A83-A75A-DF812EA317E3}.Debug|x64.ActiveCfg = Debug|Any CPU
		{7E989ADF-8F0C-4A83-A75A-DF812EA317E3}.Debug|x64.Build.0 = Debug|Any CPU
		{7E989ADF-8F0C-4A83-A75A-DF812EA317E3}.Debug|x86.ActiveCfg = Debug|Any CPU
		{7E989ADF-8F0C-4A83-A75A-DF812EA317E3}.Debug|x86.Build.0 = Debug|Any CPU
		{7E989ADF-8F0C-4A83-A75A-DF812EA317E3}.Release|Any CPU.ActiveCfg = Release|Any CPU
		{7E989ADF-8F0C-4A83-A75A-DF812EA317E3}.Release|Any CPU.Build.0 = Release|Any CPU
		{7E989ADF-8F0C-4A83-A75A-DF812EA317E3}.Release|x64.ActiveCfg = Release|Any CPU
		{7E989ADF-8F0C-4A83-A75A-DF812EA317E3}.Release|x64.Build.0 = Release|Any CPU
		{7E989ADF-8F0C-4A83-A75A-DF812EA317E3}.Release|x86.ActiveCfg = Release|Any CPU
		{7E989ADF-8F0C-4A83-A75A-DF812EA317E3}.Release|x86.Build.0 = Release|Any CPU
		{FB1911B4-1257-4E44-8315-5917FD3CECDE}.Debug|Any CPU.ActiveCfg = Debug|Any CPU
		{FB1911B4-1257-4E44-8315-5917FD3CECDE}.Debug|Any CPU.Build.0 = Debug|Any CPU
		{FB1911B4-1257-4E44-8315-5917FD3CECDE}.Debug|x64.ActiveCfg = Debug|Any CPU
		{FB1911B4-1257-4E44-8315-5917FD3CECDE}.Debug|x64.Build.0 = Debug|Any CPU
		{FB1911B4-1257-4E44-8315-5917FD3CECDE}.Debug|x86.ActiveCfg = Debug|Any CPU
		{FB1911B4-1257-4E44-8315-5917FD3CECDE}.Debug|x86.Build.0 = Debug|Any CPU
		{FB1911B4-1257-4E44-8315-5917FD3CECDE}.Release|Any CPU.ActiveCfg = Release|Any CPU
		{FB1911B4-1257-4E44-8315-5917FD3CECDE}.Release|Any CPU.Build.0 = Release|Any CPU
		{FB1911B4-1257-4E44-8315-5917FD3CECDE}.Release|x64.ActiveCfg = Release|Any CPU
		{FB1911B4-1257-4E44-8315-5917FD3CECDE}.Release|x64.Build.0 = Release|Any CPU
		{FB1911B4-1257-4E44-8315-5917FD3CECDE}.Release|x86.ActiveCfg = Release|Any CPU
		{FB1911B4-1257-4E44-8315-5917FD3CECDE}.Release|x86.Build.0 = Release|Any CPU
		{B5695237-50AC-438B-B9B1-2B6254F4D57A}.Debug|Any CPU.ActiveCfg = Debug|Any CPU
		{B5695237-50AC-438B-B9B1-2B6254F4D57A}.Debug|Any CPU.Build.0 = Debug|Any CPU
		{B5695237-50AC-438B-B9B1-2B6254F4D57A}.Debug|x64.ActiveCfg = Debug|Any CPU
		{B5695237-50AC-438B-B9B1-2B6254F4D57A}.Debug|x64.Build.0 = Debug|Any CPU
		{B5695237-50AC-438B-B9B1-2B6254F4D57A}.Debug|x86.ActiveCfg = Debug|Any CPU
		{B5695237-50AC-438B-B9B1-2B6254F4D57A}.Debug|x86.Build.0 = Debug|Any CPU
		{B5695237-50AC-438B-B9B1-2B6254F4D57A}.Release|Any CPU.ActiveCfg = Release|Any CPU
		{B5695237-50AC-438B-B9B1-2B6254F4D57A}.Release|Any CPU.Build.0 = Release|Any CPU
		{B5695237-50AC-438B-B9B1-2B6254F4D57A}.Release|x64.ActiveCfg = Release|Any CPU
		{B5695237-50AC-438B-B9B1-2B6254F4D57A}.Release|x64.Build.0 = Release|Any CPU
		{B5695237-50AC-438B-B9B1-2B6254F4D57A}.Release|x86.ActiveCfg = Release|Any CPU
		{B5695237-50AC-438B-B9B1-2B6254F4D57A}.Release|x86.Build.0 = Release|Any CPU
		{1FC79B4F-9464-4DB2-9522-D2F21B47B7B7}.Debug|Any CPU.ActiveCfg = Debug|Any CPU
		{1FC79B4F-9464-4DB2-9522-D2F21B47B7B7}.Debug|Any CPU.Build.0 = Debug|Any CPU
		{1FC79B4F-9464-4DB2-9522-D2F21B47B7B7}.Debug|x64.ActiveCfg = Debug|Any CPU
		{1FC79B4F-9464-4DB2-9522-D2F21B47B7B7}.Debug|x64.Build.0 = Debug|Any CPU
		{1FC79B4F-9464-4DB2-9522-D2F21B47B7B7}.Debug|x86.ActiveCfg = Debug|Any CPU
		{1FC79B4F-9464-4DB2-9522-D2F21B47B7B7}.Debug|x86.Build.0 = Debug|Any CPU
		{1FC79B4F-9464-4DB2-9522-D2F21B47B7B7}.Release|Any CPU.ActiveCfg = Release|Any CPU
		{1FC79B4F-9464-4DB2-9522-D2F21B47B7B7}.Release|Any CPU.Build.0 = Release|Any CPU
		{1FC79B4F-9464-4DB2-9522-D2F21B47B7B7}.Release|x64.ActiveCfg = Release|Any CPU
		{1FC79B4F-9464-4DB2-9522-D2F21B47B7B7}.Release|x64.Build.0 = Release|Any CPU
		{1FC79B4F-9464-4DB2-9522-D2F21B47B7B7}.Release|x86.ActiveCfg = Release|Any CPU
		{1FC79B4F-9464-4DB2-9522-D2F21B47B7B7}.Release|x86.Build.0 = Release|Any CPU
		{7412B692-8E7B-4D93-A4AD-B1B0F8D1106E}.Debug|Any CPU.ActiveCfg = Debug|Any CPU
		{7412B692-8E7B-4D93-A4AD-B1B0F8D1106E}.Debug|Any CPU.Build.0 = Debug|Any CPU
		{7412B692-8E7B-4D93-A4AD-B1B0F8D1106E}.Debug|x64.ActiveCfg = Debug|Any CPU
		{7412B692-8E7B-4D93-A4AD-B1B0F8D1106E}.Debug|x64.Build.0 = Debug|Any CPU
		{7412B692-8E7B-4D93-A4AD-B1B0F8D1106E}.Debug|x86.ActiveCfg = Debug|Any CPU
		{7412B692-8E7B-4D93-A4AD-B1B0F8D1106E}.Debug|x86.Build.0 = Debug|Any CPU
		{7412B692-8E7B-4D93-A4AD-B1B0F8D1106E}.Release|Any CPU.ActiveCfg = Release|Any CPU
		{7412B692-8E7B-4D93-A4AD-B1B0F8D1106E}.Release|Any CPU.Build.0 = Release|Any CPU
		{7412B692-8E7B-4D93-A4AD-B1B0F8D1106E}.Release|x64.ActiveCfg = Release|Any CPU
		{7412B692-8E7B-4D93-A4AD-B1B0F8D1106E}.Release|x64.Build.0 = Release|Any CPU
		{7412B692-8E7B-4D93-A4AD-B1B0F8D1106E}.Release|x86.ActiveCfg = Release|Any CPU
		{7412B692-8E7B-4D93-A4AD-B1B0F8D1106E}.Release|x86.Build.0 = Release|Any CPU
		{B1DCE622-2C0D-4AFF-88D9-F706B3F027C3}.Debug|Any CPU.ActiveCfg = Debug|Any CPU
		{B1DCE622-2C0D-4AFF-88D9-F706B3F027C3}.Debug|Any CPU.Build.0 = Debug|Any CPU
		{B1DCE622-2C0D-4AFF-88D9-F706B3F027C3}.Debug|x64.ActiveCfg = Debug|Any CPU
		{B1DCE622-2C0D-4AFF-88D9-F706B3F027C3}.Debug|x64.Build.0 = Debug|Any CPU
		{B1DCE622-2C0D-4AFF-88D9-F706B3F027C3}.Debug|x86.ActiveCfg = Debug|Any CPU
		{B1DCE622-2C0D-4AFF-88D9-F706B3F027C3}.Debug|x86.Build.0 = Debug|Any CPU
		{B1DCE622-2C0D-4AFF-88D9-F706B3F027C3}.Release|Any CPU.ActiveCfg = Release|Any CPU
		{B1DCE622-2C0D-4AFF-88D9-F706B3F027C3}.Release|Any CPU.Build.0 = Release|Any CPU
		{B1DCE622-2C0D-4AFF-88D9-F706B3F027C3}.Release|x64.ActiveCfg = Release|Any CPU
		{B1DCE622-2C0D-4AFF-88D9-F706B3F027C3}.Release|x64.Build.0 = Release|Any CPU
		{B1DCE622-2C0D-4AFF-88D9-F706B3F027C3}.Release|x86.ActiveCfg = Release|Any CPU
		{B1DCE622-2C0D-4AFF-88D9-F706B3F027C3}.Release|x86.Build.0 = Release|Any CPU
		{A4DE3D67-6070-4CFD-88A3-A8FE45E235C1}.Debug|Any CPU.ActiveCfg = Debug|Any CPU
		{A4DE3D67-6070-4CFD-88A3-A8FE45E235C1}.Debug|Any CPU.Build.0 = Debug|Any CPU
		{A4DE3D67-6070-4CFD-88A3-A8FE45E235C1}.Debug|x64.ActiveCfg = Debug|Any CPU
		{A4DE3D67-6070-4CFD-88A3-A8FE45E235C1}.Debug|x64.Build.0 = Debug|Any CPU
		{A4DE3D67-6070-4CFD-88A3-A8FE45E235C1}.Debug|x86.ActiveCfg = Debug|Any CPU
		{A4DE3D67-6070-4CFD-88A3-A8FE45E235C1}.Debug|x86.Build.0 = Debug|Any CPU
		{A4DE3D67-6070-4CFD-88A3-A8FE45E235C1}.Release|Any CPU.ActiveCfg = Release|Any CPU
		{A4DE3D67-6070-4CFD-88A3-A8FE45E235C1}.Release|Any CPU.Build.0 = Release|Any CPU
		{A4DE3D67-6070-4CFD-88A3-A8FE45E235C1}.Release|x64.ActiveCfg = Release|Any CPU
		{A4DE3D67-6070-4CFD-88A3-A8FE45E235C1}.Release|x64.Build.0 = Release|Any CPU
		{A4DE3D67-6070-4CFD-88A3-A8FE45E235C1}.Release|x86.ActiveCfg = Release|Any CPU
		{A4DE3D67-6070-4CFD-88A3-A8FE45E235C1}.Release|x86.Build.0 = Release|Any CPU
		{522E0CB6-41D7-4E9E-8A62-ADAAC030E393}.Debug|Any CPU.ActiveCfg = Debug|Any CPU
		{522E0CB6-41D7-4E9E-8A62-ADAAC030E393}.Debug|Any CPU.Build.0 = Debug|Any CPU
		{522E0CB6-41D7-4E9E-8A62-ADAAC030E393}.Debug|x64.ActiveCfg = Debug|Any CPU
		{522E0CB6-41D7-4E9E-8A62-ADAAC030E393}.Debug|x64.Build.0 = Debug|Any CPU
		{522E0CB6-41D7-4E9E-8A62-ADAAC030E393}.Debug|x86.ActiveCfg = Debug|Any CPU
		{522E0CB6-41D7-4E9E-8A62-ADAAC030E393}.Debug|x86.Build.0 = Debug|Any CPU
		{522E0CB6-41D7-4E9E-8A62-ADAAC030E393}.Release|Any CPU.ActiveCfg = Release|Any CPU
		{522E0CB6-41D7-4E9E-8A62-ADAAC030E393}.Release|Any CPU.Build.0 = Release|Any CPU
		{522E0CB6-41D7-4E9E-8A62-ADAAC030E393}.Release|x64.ActiveCfg = Release|Any CPU
		{522E0CB6-41D7-4E9E-8A62-ADAAC030E393}.Release|x64.Build.0 = Release|Any CPU
		{522E0CB6-41D7-4E9E-8A62-ADAAC030E393}.Release|x86.ActiveCfg = Release|Any CPU
		{522E0CB6-41D7-4E9E-8A62-ADAAC030E393}.Release|x86.Build.0 = Release|Any CPU
		{7891DC3E-DB34-4AF1-A486-88ED6A62A925}.Debug|Any CPU.ActiveCfg = Debug|Any CPU
		{7891DC3E-DB34-4AF1-A486-88ED6A62A925}.Debug|Any CPU.Build.0 = Debug|Any CPU
		{7891DC3E-DB34-4AF1-A486-88ED6A62A925}.Debug|x64.ActiveCfg = Debug|Any CPU
		{7891DC3E-DB34-4AF1-A486-88ED6A62A925}.Debug|x64.Build.0 = Debug|Any CPU
		{7891DC3E-DB34-4AF1-A486-88ED6A62A925}.Debug|x86.ActiveCfg = Debug|Any CPU
		{7891DC3E-DB34-4AF1-A486-88ED6A62A925}.Debug|x86.Build.0 = Debug|Any CPU
		{7891DC3E-DB34-4AF1-A486-88ED6A62A925}.Release|Any CPU.ActiveCfg = Release|Any CPU
		{7891DC3E-DB34-4AF1-A486-88ED6A62A925}.Release|Any CPU.Build.0 = Release|Any CPU
		{7891DC3E-DB34-4AF1-A486-88ED6A62A925}.Release|x64.ActiveCfg = Release|Any CPU
		{7891DC3E-DB34-4AF1-A486-88ED6A62A925}.Release|x64.Build.0 = Release|Any CPU
		{7891DC3E-DB34-4AF1-A486-88ED6A62A925}.Release|x86.ActiveCfg = Release|Any CPU
		{7891DC3E-DB34-4AF1-A486-88ED6A62A925}.Release|x86.Build.0 = Release|Any CPU
		{4EDFC26F-928A-495C-A164-B1C084508B29}.Debug|Any CPU.ActiveCfg = Debug|Any CPU
		{4EDFC26F-928A-495C-A164-B1C084508B29}.Debug|Any CPU.Build.0 = Debug|Any CPU
		{4EDFC26F-928A-495C-A164-B1C084508B29}.Debug|x64.ActiveCfg = Debug|Any CPU
		{4EDFC26F-928A-495C-A164-B1C084508B29}.Debug|x64.Build.0 = Debug|Any CPU
		{4EDFC26F-928A-495C-A164-B1C084508B29}.Debug|x86.ActiveCfg = Debug|Any CPU
		{4EDFC26F-928A-495C-A164-B1C084508B29}.Debug|x86.Build.0 = Debug|Any CPU
		{4EDFC26F-928A-495C-A164-B1C084508B29}.Release|Any CPU.ActiveCfg = Release|Any CPU
		{4EDFC26F-928A-495C-A164-B1C084508B29}.Release|Any CPU.Build.0 = Release|Any CPU
		{4EDFC26F-928A-495C-A164-B1C084508B29}.Release|x64.ActiveCfg = Release|Any CPU
		{4EDFC26F-928A-495C-A164-B1C084508B29}.Release|x64.Build.0 = Release|Any CPU
		{4EDFC26F-928A-495C-A164-B1C084508B29}.Release|x86.ActiveCfg = Release|Any CPU
		{4EDFC26F-928A-495C-A164-B1C084508B29}.Release|x86.Build.0 = Release|Any CPU
		{109FBF57-9249-42B0-9D99-8E2FBD197E41}.Debug|Any CPU.ActiveCfg = Debug|Any CPU
		{109FBF57-9249-42B0-9D99-8E2FBD197E41}.Debug|Any CPU.Build.0 = Debug|Any CPU
		{109FBF57-9249-42B0-9D99-8E2FBD197E41}.Debug|x64.ActiveCfg = Debug|Any CPU
		{109FBF57-9249-42B0-9D99-8E2FBD197E41}.Debug|x64.Build.0 = Debug|Any CPU
		{109FBF57-9249-42B0-9D99-8E2FBD197E41}.Debug|x86.ActiveCfg = Debug|Any CPU
		{109FBF57-9249-42B0-9D99-8E2FBD197E41}.Debug|x86.Build.0 = Debug|Any CPU
		{109FBF57-9249-42B0-9D99-8E2FBD197E41}.Release|Any CPU.ActiveCfg = Release|Any CPU
		{109FBF57-9249-42B0-9D99-8E2FBD197E41}.Release|Any CPU.Build.0 = Release|Any CPU
		{109FBF57-9249-42B0-9D99-8E2FBD197E41}.Release|x64.ActiveCfg = Release|Any CPU
		{109FBF57-9249-42B0-9D99-8E2FBD197E41}.Release|x64.Build.0 = Release|Any CPU
		{109FBF57-9249-42B0-9D99-8E2FBD197E41}.Release|x86.ActiveCfg = Release|Any CPU
		{109FBF57-9249-42B0-9D99-8E2FBD197E41}.Release|x86.Build.0 = Release|Any CPU
	EndGlobalSection
	GlobalSection(SolutionProperties) = preSolution
		HideSolutionNode = FALSE
	EndGlobalSection
	GlobalSection(NestedProjects) = preSolution
		{8DB69E5B-1F73-4637-8D39-337E86287D2D} = {827E0CD3-B72D-47B6-A68D-7590B98EB39B}
		{3D572BFB-0E43-4AE7-BCA9-B48BA5294DE0} = {827E0CD3-B72D-47B6-A68D-7590B98EB39B}
		{DB23AF99-9777-4501-940C-9FD835A70DF5} = {827E0CD3-B72D-47B6-A68D-7590B98EB39B}
		{61689CFA-DA48-42F2-BAB4-6CBDB6183E24} = {827E0CD3-B72D-47B6-A68D-7590B98EB39B}
		{7E989ADF-8F0C-4A83-A75A-DF812EA317E3} = {0AB3BF05-4346-4AA6-1389-037BE0695223}
		{FB1911B4-1257-4E44-8315-5917FD3CECDE} = {07C2787E-EAC7-C090-1BA3-A61EC2A24D84}
		{B5695237-50AC-438B-B9B1-2B6254F4D57A} = {827E0CD3-B72D-47B6-A68D-7590B98EB39B}
		{1FC79B4F-9464-4DB2-9522-D2F21B47B7B7} = {0AB3BF05-4346-4AA6-1389-037BE0695223}
		{7412B692-8E7B-4D93-A4AD-B1B0F8D1106E} = {5D20AA90-6969-D8BD-9DCD-8634F4692FDA}
		{B1DCE622-2C0D-4AFF-88D9-F706B3F027C3} = {827E0CD3-B72D-47B6-A68D-7590B98EB39B}
		{A4DE3D67-6070-4CFD-88A3-A8FE45E235C1} = {827E0CD3-B72D-47B6-A68D-7590B98EB39B}
		{522E0CB6-41D7-4E9E-8A62-ADAAC030E393} = {07C2787E-EAC7-C090-1BA3-A61EC2A24D84}
		{7891DC3E-DB34-4AF1-A486-88ED6A62A925} = {0AB3BF05-4346-4AA6-1389-037BE0695223}
		{4EDFC26F-928A-495C-A164-B1C084508B29} = {5D20AA90-6969-D8BD-9DCD-8634F4692FDA}
		{109FBF57-9249-42B0-9D99-8E2FBD197E41} = {07C2787E-EAC7-C090-1BA3-A61EC2A24D84}
	EndGlobalSection
EndGlobal
